
Microsoft Visual Studio Solution File, Format Version 12.00
# Visual Studio 14
VisualStudioVersion = 14.0.25123.0
MinimumVisualStudioVersion = 10.0.40219.1
Project("{FAE04EC0-301F-11D3-BF4B-00C04F79EFBC}") = "MultiApp.Droid", "MultiApp\MultiApp.Droid\MultiApp.Droid.csproj", "{87E9D6C2-45B2-4E76-87F7-4526AE0B5543}"
EndProject
Project("{FAE04EC0-301F-11D3-BF4B-00C04F79EFBC}") = "MultiApp.iOS", "MultiApp\MultiApp.iOS\MultiApp.iOS.csproj", "{E1DFACEE-D3F4-49C6-83AB-B0E17D94D156}"
EndProject
Project("{FAE04EC0-301F-11D3-BF4B-00C04F79EFBC}") = "MultiApp.WinPhone", "MultiApp\MultiApp.WinPhone\MultiApp.WinPhone.csproj", "{E9F0CB77-62A5-49BE-9AAB-94D9D8C5B673}"
EndProject
Project("{FAE04EC0-301F-11D3-BF4B-00C04F79EFBC}") = "MultiApp.UWP", "MultiApp\MultiApp.UWP\MultiApp.UWP.csproj", "{1498871B-C60A-449C-87B1-4DDCAF84C2AD}"
EndProject
Project("{FAE04EC0-301F-11D3-BF4B-00C04F79EFBC}") = "MultiApp.Windows", "MultiApp\MultiApp.Windows\MultiApp.Windows.csproj", "{66E8DB39-75E6-48EB-996E-FB058A638E26}"
EndProject
Project("{FAE04EC0-301F-11D3-BF4B-00C04F79EFBC}") = "MultiApp", "MultiApp\MultiApp\MultiApp.csproj", "{B74CBE4D-73A8-481A-AD7C-6070A91BADDD}"
EndProject
Global
	GlobalSection(SolutionConfigurationPlatforms) = preSolution
		Ad-Hoc|Any CPU = Ad-Hoc|Any CPU
		Ad-Hoc|ARM = Ad-Hoc|ARM
		Ad-Hoc|iPhone = Ad-Hoc|iPhone
		Ad-Hoc|iPhoneSimulator = Ad-Hoc|iPhoneSimulator
		Ad-Hoc|x64 = Ad-Hoc|x64
		Ad-Hoc|x86 = Ad-Hoc|x86
		AppStore|Any CPU = AppStore|Any CPU
		AppStore|ARM = AppStore|ARM
		AppStore|iPhone = AppStore|iPhone
		AppStore|iPhoneSimulator = AppStore|iPhoneSimulator
		AppStore|x64 = AppStore|x64
		AppStore|x86 = AppStore|x86
		Debug|Any CPU = Debug|Any CPU
		Debug|ARM = Debug|ARM
		Debug|iPhone = Debug|iPhone
		Debug|iPhoneSimulator = Debug|iPhoneSimulator
		Debug|x64 = Debug|x64
		Debug|x86 = Debug|x86
		Release|Any CPU = Release|Any CPU
		Release|ARM = Release|ARM
		Release|iPhone = Release|iPhone
		Release|iPhoneSimulator = Release|iPhoneSimulator
		Release|x64 = Release|x64
		Release|x86 = Release|x86
	EndGlobalSection
	GlobalSection(ProjectConfigurationPlatforms) = postSolution
		{87E9D6C2-45B2-4E76-87F7-4526AE0B5543}.Ad-Hoc|Any CPU.ActiveCfg = Release|Any CPU
		{87E9D6C2-45B2-4E76-87F7-4526AE0B5543}.Ad-Hoc|Any CPU.Build.0 = Release|Any CPU
		{87E9D6C2-45B2-4E76-87F7-4526AE0B5543}.Ad-Hoc|Any CPU.Deploy.0 = Release|Any CPU
		{87E9D6C2-45B2-4E76-87F7-4526AE0B5543}.Ad-Hoc|ARM.ActiveCfg = Release|Any CPU
		{87E9D6C2-45B2-4E76-87F7-4526AE0B5543}.Ad-Hoc|ARM.Build.0 = Release|Any CPU
		{87E9D6C2-45B2-4E76-87F7-4526AE0B5543}.Ad-Hoc|ARM.Deploy.0 = Release|Any CPU
		{87E9D6C2-45B2-4E76-87F7-4526AE0B5543}.Ad-Hoc|iPhone.ActiveCfg = Release|Any CPU
		{87E9D6C2-45B2-4E76-87F7-4526AE0B5543}.Ad-Hoc|iPhone.Build.0 = Release|Any CPU
		{87E9D6C2-45B2-4E76-87F7-4526AE0B5543}.Ad-Hoc|iPhone.Deploy.0 = Release|Any CPU
		{87E9D6C2-45B2-4E76-87F7-4526AE0B5543}.Ad-Hoc|iPhoneSimulator.ActiveCfg = Release|Any CPU
		{87E9D6C2-45B2-4E76-87F7-4526AE0B5543}.Ad-Hoc|iPhoneSimulator.Build.0 = Release|Any CPU
		{87E9D6C2-45B2-4E76-87F7-4526AE0B5543}.Ad-Hoc|iPhoneSimulator.Deploy.0 = Release|Any CPU
		{87E9D6C2-45B2-4E76-87F7-4526AE0B5543}.Ad-Hoc|x64.ActiveCfg = Release|Any CPU
		{87E9D6C2-45B2-4E76-87F7-4526AE0B5543}.Ad-Hoc|x64.Build.0 = Release|Any CPU
		{87E9D6C2-45B2-4E76-87F7-4526AE0B5543}.Ad-Hoc|x64.Deploy.0 = Release|Any CPU
		{87E9D6C2-45B2-4E76-87F7-4526AE0B5543}.Ad-Hoc|x86.ActiveCfg = Release|Any CPU
		{87E9D6C2-45B2-4E76-87F7-4526AE0B5543}.Ad-Hoc|x86.Build.0 = Release|Any CPU
		{87E9D6C2-45B2-4E76-87F7-4526AE0B5543}.Ad-Hoc|x86.Deploy.0 = Release|Any CPU
		{87E9D6C2-45B2-4E76-87F7-4526AE0B5543}.AppStore|Any CPU.ActiveCfg = Release|Any CPU
		{87E9D6C2-45B2-4E76-87F7-4526AE0B5543}.AppStore|Any CPU.Build.0 = Release|Any CPU
		{87E9D6C2-45B2-4E76-87F7-4526AE0B5543}.AppStore|Any CPU.Deploy.0 = Release|Any CPU
		{87E9D6C2-45B2-4E76-87F7-4526AE0B5543}.AppStore|ARM.ActiveCfg = Release|Any CPU
		{87E9D6C2-45B2-4E76-87F7-4526AE0B5543}.AppStore|ARM.Build.0 = Release|Any CPU
		{87E9D6C2-45B2-4E76-87F7-4526AE0B5543}.AppStore|ARM.Deploy.0 = Release|Any CPU
		{87E9D6C2-45B2-4E76-87F7-4526AE0B5543}.AppStore|iPhone.ActiveCfg = Release|Any CPU
		{87E9D6C2-45B2-4E76-87F7-4526AE0B5543}.AppStore|iPhone.Build.0 = Release|Any CPU
		{87E9D6C2-45B2-4E76-87F7-4526AE0B5543}.AppStore|iPhone.Deploy.0 = Release|Any CPU
		{87E9D6C2-45B2-4E76-87F7-4526AE0B5543}.AppStore|iPhoneSimulator.ActiveCfg = Release|Any CPU
		{87E9D6C2-45B2-4E76-87F7-4526AE0B5543}.AppStore|iPhoneSimulator.Build.0 = Release|Any CPU
		{87E9D6C2-45B2-4E76-87F7-4526AE0B5543}.AppStore|iPhoneSimulator.Deploy.0 = Release|Any CPU
		{87E9D6C2-45B2-4E76-87F7-4526AE0B5543}.AppStore|x64.ActiveCfg = Release|Any CPU
		{87E9D6C2-45B2-4E76-87F7-4526AE0B5543}.AppStore|x64.Build.0 = Release|Any CPU
		{87E9D6C2-45B2-4E76-87F7-4526AE0B5543}.AppStore|x64.Deploy.0 = Release|Any CPU
		{87E9D6C2-45B2-4E76-87F7-4526AE0B5543}.AppStore|x86.ActiveCfg = Release|Any CPU
		{87E9D6C2-45B2-4E76-87F7-4526AE0B5543}.AppStore|x86.Build.0 = Release|Any CPU
		{87E9D6C2-45B2-4E76-87F7-4526AE0B5543}.AppStore|x86.Deploy.0 = Release|Any CPU
		{87E9D6C2-45B2-4E76-87F7-4526AE0B5543}.Debug|Any CPU.ActiveCfg = Debug|Any CPU
		{87E9D6C2-45B2-4E76-87F7-4526AE0B5543}.Debug|Any CPU.Build.0 = Debug|Any CPU
		{87E9D6C2-45B2-4E76-87F7-4526AE0B5543}.Debug|Any CPU.Deploy.0 = Debug|Any CPU
		{87E9D6C2-45B2-4E76-87F7-4526AE0B5543}.Debug|ARM.ActiveCfg = Debug|Any CPU
		{87E9D6C2-45B2-4E76-87F7-4526AE0B5543}.Debug|ARM.Build.0 = Debug|Any CPU
		{87E9D6C2-45B2-4E76-87F7-4526AE0B5543}.Debug|ARM.Deploy.0 = Debug|Any CPU
		{87E9D6C2-45B2-4E76-87F7-4526AE0B5543}.Debug|iPhone.ActiveCfg = Debug|Any CPU
		{87E9D6C2-45B2-4E76-87F7-4526AE0B5543}.Debug|iPhone.Build.0 = Debug|Any CPU
		{87E9D6C2-45B2-4E76-87F7-4526AE0B5543}.Debug|iPhone.Deploy.0 = Debug|Any CPU
		{87E9D6C2-45B2-4E76-87F7-4526AE0B5543}.Debug|iPhoneSimulator.ActiveCfg = Debug|Any CPU
		{87E9D6C2-45B2-4E76-87F7-4526AE0B5543}.Debug|iPhoneSimulator.Build.0 = Debug|Any CPU
		{87E9D6C2-45B2-4E76-87F7-4526AE0B5543}.Debug|iPhoneSimulator.Deploy.0 = Debug|Any CPU
		{87E9D6C2-45B2-4E76-87F7-4526AE0B5543}.Debug|x64.ActiveCfg = Debug|Any CPU
		{87E9D6C2-45B2-4E76-87F7-4526AE0B5543}.Debug|x64.Build.0 = Debug|Any CPU
		{87E9D6C2-45B2-4E76-87F7-4526AE0B5543}.Debug|x64.Deploy.0 = Debug|Any CPU
		{87E9D6C2-45B2-4E76-87F7-4526AE0B5543}.Debug|x86.ActiveCfg = Debug|Any CPU
		{87E9D6C2-45B2-4E76-87F7-4526AE0B5543}.Debug|x86.Build.0 = Debug|Any CPU
		{87E9D6C2-45B2-4E76-87F7-4526AE0B5543}.Debug|x86.Deploy.0 = Debug|Any CPU
		{87E9D6C2-45B2-4E76-87F7-4526AE0B5543}.Release|Any CPU.ActiveCfg = Release|Any CPU
		{87E9D6C2-45B2-4E76-87F7-4526AE0B5543}.Release|Any CPU.Build.0 = Release|Any CPU
		{87E9D6C2-45B2-4E76-87F7-4526AE0B5543}.Release|Any CPU.Deploy.0 = Release|Any CPU
		{87E9D6C2-45B2-4E76-87F7-4526AE0B5543}.Release|ARM.ActiveCfg = Release|Any CPU
		{87E9D6C2-45B2-4E76-87F7-4526AE0B5543}.Release|ARM.Build.0 = Release|Any CPU
		{87E9D6C2-45B2-4E76-87F7-4526AE0B5543}.Release|ARM.Deploy.0 = Release|Any CPU
		{87E9D6C2-45B2-4E76-87F7-4526AE0B5543}.Release|iPhone.ActiveCfg = Release|Any CPU
		{87E9D6C2-45B2-4E76-87F7-4526AE0B5543}.Release|iPhone.Build.0 = Release|Any CPU
		{87E9D6C2-45B2-4E76-87F7-4526AE0B5543}.Release|iPhone.Deploy.0 = Release|Any CPU
		{87E9D6C2-45B2-4E76-87F7-4526AE0B5543}.Release|iPhoneSimulator.ActiveCfg = Release|Any CPU
		{87E9D6C2-45B2-4E76-87F7-4526AE0B5543}.Release|iPhoneSimulator.Build.0 = Release|Any CPU
		{87E9D6C2-45B2-4E76-87F7-4526AE0B5543}.Release|iPhoneSimulator.Deploy.0 = Release|Any CPU
		{87E9D6C2-45B2-4E76-87F7-4526AE0B5543}.Release|x64.ActiveCfg = Release|Any CPU
		{87E9D6C2-45B2-4E76-87F7-4526AE0B5543}.Release|x64.Build.0 = Release|Any CPU
		{87E9D6C2-45B2-4E76-87F7-4526AE0B5543}.Release|x64.Deploy.0 = Release|Any CPU
		{87E9D6C2-45B2-4E76-87F7-4526AE0B5543}.Release|x86.ActiveCfg = Release|Any CPU
		{87E9D6C2-45B2-4E76-87F7-4526AE0B5543}.Release|x86.Build.0 = Release|Any CPU
		{87E9D6C2-45B2-4E76-87F7-4526AE0B5543}.Release|x86.Deploy.0 = Release|Any CPU
		{E1DFACEE-D3F4-49C6-83AB-B0E17D94D156}.Ad-Hoc|Any CPU.ActiveCfg = Ad-Hoc|iPhone
		{E1DFACEE-D3F4-49C6-83AB-B0E17D94D156}.Ad-Hoc|ARM.ActiveCfg = Ad-Hoc|iPhone
		{E1DFACEE-D3F4-49C6-83AB-B0E17D94D156}.Ad-Hoc|iPhone.ActiveCfg = Ad-Hoc|iPhone
		{E1DFACEE-D3F4-49C6-83AB-B0E17D94D156}.Ad-Hoc|iPhone.Build.0 = Ad-Hoc|iPhone
		{E1DFACEE-D3F4-49C6-83AB-B0E17D94D156}.Ad-Hoc|iPhoneSimulator.ActiveCfg = Ad-Hoc|iPhoneSimulator
		{E1DFACEE-D3F4-49C6-83AB-B0E17D94D156}.Ad-Hoc|iPhoneSimulator.Build.0 = Ad-Hoc|iPhoneSimulator
		{E1DFACEE-D3F4-49C6-83AB-B0E17D94D156}.Ad-Hoc|x64.ActiveCfg = Ad-Hoc|iPhone
		{E1DFACEE-D3F4-49C6-83AB-B0E17D94D156}.Ad-Hoc|x86.ActiveCfg = Ad-Hoc|iPhone
		{E1DFACEE-D3F4-49C6-83AB-B0E17D94D156}.AppStore|Any CPU.ActiveCfg = AppStore|iPhone
		{E1DFACEE-D3F4-49C6-83AB-B0E17D94D156}.AppStore|ARM.ActiveCfg = AppStore|iPhone
		{E1DFACEE-D3F4-49C6-83AB-B0E17D94D156}.AppStore|iPhone.ActiveCfg = AppStore|iPhone
		{E1DFACEE-D3F4-49C6-83AB-B0E17D94D156}.AppStore|iPhone.Build.0 = AppStore|iPhone
		{E1DFACEE-D3F4-49C6-83AB-B0E17D94D156}.AppStore|iPhoneSimulator.ActiveCfg = AppStore|iPhoneSimulator
		{E1DFACEE-D3F4-49C6-83AB-B0E17D94D156}.AppStore|iPhoneSimulator.Build.0 = AppStore|iPhoneSimulator
		{E1DFACEE-D3F4-49C6-83AB-B0E17D94D156}.AppStore|x64.ActiveCfg = AppStore|iPhone
		{E1DFACEE-D3F4-49C6-83AB-B0E17D94D156}.AppStore|x86.ActiveCfg = AppStore|iPhone
		{E1DFACEE-D3F4-49C6-83AB-B0E17D94D156}.Debug|Any CPU.ActiveCfg = Debug|iPhone
		{E1DFACEE-D3F4-49C6-83AB-B0E17D94D156}.Debug|ARM.ActiveCfg = Debug|iPhone
		{E1DFACEE-D3F4-49C6-83AB-B0E17D94D156}.Debug|iPhone.ActiveCfg = Debug|iPhone
		{E1DFACEE-D3F4-49C6-83AB-B0E17D94D156}.Debug|iPhone.Build.0 = Debug|iPhone
		{E1DFACEE-D3F4-49C6-83AB-B0E17D94D156}.Debug|iPhoneSimulator.ActiveCfg = Debug|iPhoneSimulator
		{E1DFACEE-D3F4-49C6-83AB-B0E17D94D156}.Debug|iPhoneSimulator.Build.0 = Debug|iPhoneSimulator
		{E1DFACEE-D3F4-49C6-83AB-B0E17D94D156}.Debug|x64.ActiveCfg = Debug|iPhone
		{E1DFACEE-D3F4-49C6-83AB-B0E17D94D156}.Debug|x86.ActiveCfg = Debug|iPhone
		{E1DFACEE-D3F4-49C6-83AB-B0E17D94D156}.Release|Any CPU.ActiveCfg = Release|iPhone
		{E1DFACEE-D3F4-49C6-83AB-B0E17D94D156}.Release|ARM.ActiveCfg = Release|iPhone
		{E1DFACEE-D3F4-49C6-83AB-B0E17D94D156}.Release|iPhone.ActiveCfg = Release|iPhone
		{E1DFACEE-D3F4-49C6-83AB-B0E17D94D156}.Release|iPhone.Build.0 = Release|iPhone
		{E1DFACEE-D3F4-49C6-83AB-B0E17D94D156}.Release|iPhoneSimulator.ActiveCfg = Release|iPhoneSimulator
		{E1DFACEE-D3F4-49C6-83AB-B0E17D94D156}.Release|iPhoneSimulator.Build.0 = Release|iPhoneSimulator
		{E1DFACEE-D3F4-49C6-83AB-B0E17D94D156}.Release|x64.ActiveCfg = Release|iPhone
		{E1DFACEE-D3F4-49C6-83AB-B0E17D94D156}.Release|x86.ActiveCfg = Release|iPhone
		{E9F0CB77-62A5-49BE-9AAB-94D9D8C5B673}.Ad-Hoc|Any CPU.ActiveCfg = Release|Any CPU
		{E9F0CB77-62A5-49BE-9AAB-94D9D8C5B673}.Ad-Hoc|Any CPU.Build.0 = Release|Any CPU
		{E9F0CB77-62A5-49BE-9AAB-94D9D8C5B673}.Ad-Hoc|Any CPU.Deploy.0 = Release|Any CPU
		{E9F0CB77-62A5-49BE-9AAB-94D9D8C5B673}.Ad-Hoc|ARM.ActiveCfg = Release|ARM
		{E9F0CB77-62A5-49BE-9AAB-94D9D8C5B673}.Ad-Hoc|ARM.Build.0 = Release|ARM
		{E9F0CB77-62A5-49BE-9AAB-94D9D8C5B673}.Ad-Hoc|ARM.Deploy.0 = Release|ARM
		{E9F0CB77-62A5-49BE-9AAB-94D9D8C5B673}.Ad-Hoc|iPhone.ActiveCfg = Release|Any CPU
		{E9F0CB77-62A5-49BE-9AAB-94D9D8C5B673}.Ad-Hoc|iPhone.Build.0 = Release|Any CPU
		{E9F0CB77-62A5-49BE-9AAB-94D9D8C5B673}.Ad-Hoc|iPhone.Deploy.0 = Release|Any CPU
		{E9F0CB77-62A5-49BE-9AAB-94D9D8C5B673}.Ad-Hoc|iPhoneSimulator.ActiveCfg = Release|Any CPU
		{E9F0CB77-62A5-49BE-9AAB-94D9D8C5B673}.Ad-Hoc|iPhoneSimulator.Build.0 = Release|Any CPU
		{E9F0CB77-62A5-49BE-9AAB-94D9D8C5B673}.Ad-Hoc|iPhoneSimulator.Deploy.0 = Release|Any CPU
		{E9F0CB77-62A5-49BE-9AAB-94D9D8C5B673}.Ad-Hoc|x64.ActiveCfg = Release|Any CPU
		{E9F0CB77-62A5-49BE-9AAB-94D9D8C5B673}.Ad-Hoc|x64.Build.0 = Release|Any CPU
		{E9F0CB77-62A5-49BE-9AAB-94D9D8C5B673}.Ad-Hoc|x64.Deploy.0 = Release|Any CPU
		{E9F0CB77-62A5-49BE-9AAB-94D9D8C5B673}.Ad-Hoc|x86.ActiveCfg = Release|x86
		{E9F0CB77-62A5-49BE-9AAB-94D9D8C5B673}.Ad-Hoc|x86.Build.0 = Release|x86
		{E9F0CB77-62A5-49BE-9AAB-94D9D8C5B673}.Ad-Hoc|x86.Deploy.0 = Release|x86
		{E9F0CB77-62A5-49BE-9AAB-94D9D8C5B673}.AppStore|Any CPU.ActiveCfg = Release|Any CPU
		{E9F0CB77-62A5-49BE-9AAB-94D9D8C5B673}.AppStore|Any CPU.Build.0 = Release|Any CPU
		{E9F0CB77-62A5-49BE-9AAB-94D9D8C5B673}.AppStore|Any CPU.Deploy.0 = Release|Any CPU
		{E9F0CB77-62A5-49BE-9AAB-94D9D8C5B673}.AppStore|ARM.ActiveCfg = Release|ARM
		{E9F0CB77-62A5-49BE-9AAB-94D9D8C5B673}.AppStore|ARM.Build.0 = Release|ARM
		{E9F0CB77-62A5-49BE-9AAB-94D9D8C5B673}.AppStore|ARM.Deploy.0 = Release|ARM
		{E9F0CB77-62A5-49BE-9AAB-94D9D8C5B673}.AppStore|iPhone.ActiveCfg = Release|Any CPU
		{E9F0CB77-62A5-49BE-9AAB-94D9D8C5B673}.AppStore|iPhone.Build.0 = Release|Any CPU
		{E9F0CB77-62A5-49BE-9AAB-94D9D8C5B673}.AppStore|iPhone.Deploy.0 = Release|Any CPU
		{E9F0CB77-62A5-49BE-9AAB-94D9D8C5B673}.AppStore|iPhoneSimulator.ActiveCfg = Release|Any CPU
		{E9F0CB77-62A5-49BE-9AAB-94D9D8C5B673}.AppStore|iPhoneSimulator.Build.0 = Release|Any CPU
		{E9F0CB77-62A5-49BE-9AAB-94D9D8C5B673}.AppStore|iPhoneSimulator.Deploy.0 = Release|Any CPU
		{E9F0CB77-62A5-49BE-9AAB-94D9D8C5B673}.AppStore|x64.ActiveCfg = Release|Any CPU
		{E9F0CB77-62A5-49BE-9AAB-94D9D8C5B673}.AppStore|x64.Build.0 = Release|Any CPU
		{E9F0CB77-62A5-49BE-9AAB-94D9D8C5B673}.AppStore|x64.Deploy.0 = Release|Any CPU
		{E9F0CB77-62A5-49BE-9AAB-94D9D8C5B673}.AppStore|x86.ActiveCfg = Release|x86
		{E9F0CB77-62A5-49BE-9AAB-94D9D8C5B673}.AppStore|x86.Build.0 = Release|x86
		{E9F0CB77-62A5-49BE-9AAB-94D9D8C5B673}.AppStore|x86.Deploy.0 = Release|x86
		{E9F0CB77-62A5-49BE-9AAB-94D9D8C5B673}.Debug|Any CPU.ActiveCfg = Debug|Any CPU
		{E9F0CB77-62A5-49BE-9AAB-94D9D8C5B673}.Debug|Any CPU.Build.0 = Debug|Any CPU
		{E9F0CB77-62A5-49BE-9AAB-94D9D8C5B673}.Debug|Any CPU.Deploy.0 = Debug|Any CPU
		{E9F0CB77-62A5-49BE-9AAB-94D9D8C5B673}.Debug|ARM.ActiveCfg = Debug|ARM
		{E9F0CB77-62A5-49BE-9AAB-94D9D8C5B673}.Debug|ARM.Build.0 = Debug|ARM
		{E9F0CB77-62A5-49BE-9AAB-94D9D8C5B673}.Debug|ARM.Deploy.0 = Debug|ARM
		{E9F0CB77-62A5-49BE-9AAB-94D9D8C5B673}.Debug|iPhone.ActiveCfg = Debug|Any CPU
		{E9F0CB77-62A5-49BE-9AAB-94D9D8C5B673}.Debug|iPhone.Build.0 = Debug|Any CPU
		{E9F0CB77-62A5-49BE-9AAB-94D9D8C5B673}.Debug|iPhone.Deploy.0 = Debug|Any CPU
		{E9F0CB77-62A5-49BE-9AAB-94D9D8C5B673}.Debug|iPhoneSimulator.ActiveCfg = Debug|Any CPU
		{E9F0CB77-62A5-49BE-9AAB-94D9D8C5B673}.Debug|iPhoneSimulator.Build.0 = Debug|Any CPU
		{E9F0CB77-62A5-49BE-9AAB-94D9D8C5B673}.Debug|iPhoneSimulator.Deploy.0 = Debug|Any CPU
		{E9F0CB77-62A5-49BE-9AAB-94D9D8C5B673}.Debug|x64.ActiveCfg = Debug|Any CPU
		{E9F0CB77-62A5-49BE-9AAB-94D9D8C5B673}.Debug|x64.Build.0 = Debug|Any CPU
		{E9F0CB77-62A5-49BE-9AAB-94D9D8C5B673}.Debug|x64.Deploy.0 = Debug|Any CPU
		{E9F0CB77-62A5-49BE-9AAB-94D9D8C5B673}.Debug|x86.ActiveCfg = Debug|x86
		{E9F0CB77-62A5-49BE-9AAB-94D9D8C5B673}.Debug|x86.Build.0 = Debug|x86
		{E9F0CB77-62A5-49BE-9AAB-94D9D8C5B673}.Debug|x86.Deploy.0 = Debug|x86
		{E9F0CB77-62A5-49BE-9AAB-94D9D8C5B673}.Release|Any CPU.ActiveCfg = Release|Any CPU
		{E9F0CB77-62A5-49BE-9AAB-94D9D8C5B673}.Release|Any CPU.Build.0 = Release|Any CPU
		{E9F0CB77-62A5-49BE-9AAB-94D9D8C5B673}.Release|Any CPU.Deploy.0 = Release|Any CPU
		{E9F0CB77-62A5-49BE-9AAB-94D9D8C5B673}.Release|ARM.ActiveCfg = Release|ARM
		{E9F0CB77-62A5-49BE-9AAB-94D9D8C5B673}.Release|ARM.Build.0 = Release|ARM
		{E9F0CB77-62A5-49BE-9AAB-94D9D8C5B673}.Release|ARM.Deploy.0 = Release|ARM
		{E9F0CB77-62A5-49BE-9AAB-94D9D8C5B673}.Release|iPhone.ActiveCfg = Release|Any CPU
		{E9F0CB77-62A5-49BE-9AAB-94D9D8C5B673}.Release|iPhone.Build.0 = Release|Any CPU
		{E9F0CB77-62A5-49BE-9AAB-94D9D8C5B673}.Release|iPhone.Deploy.0 = Release|Any CPU
		{E9F0CB77-62A5-49BE-9AAB-94D9D8C5B673}.Release|iPhoneSimulator.ActiveCfg = Release|Any CPU
		{E9F0CB77-62A5-49BE-9AAB-94D9D8C5B673}.Release|iPhoneSimulator.Build.0 = Release|Any CPU
		{E9F0CB77-62A5-49BE-9AAB-94D9D8C5B673}.Release|iPhoneSimulator.Deploy.0 = Release|Any CPU
		{E9F0CB77-62A5-49BE-9AAB-94D9D8C5B673}.Release|x64.ActiveCfg = Release|Any CPU
		{E9F0CB77-62A5-49BE-9AAB-94D9D8C5B673}.Release|x64.Build.0 = Release|Any CPU
		{E9F0CB77-62A5-49BE-9AAB-94D9D8C5B673}.Release|x64.Deploy.0 = Release|Any CPU
		{E9F0CB77-62A5-49BE-9AAB-94D9D8C5B673}.Release|x86.ActiveCfg = Release|x86
		{E9F0CB77-62A5-49BE-9AAB-94D9D8C5B673}.Release|x86.Build.0 = Release|x86
		{E9F0CB77-62A5-49BE-9AAB-94D9D8C5B673}.Release|x86.Deploy.0 = Release|x86
		{1498871B-C60A-449C-87B1-4DDCAF84C2AD}.Ad-Hoc|Any CPU.ActiveCfg = Release|x86
		{1498871B-C60A-449C-87B1-4DDCAF84C2AD}.Ad-Hoc|Any CPU.Build.0 = Release|x86
		{1498871B-C60A-449C-87B1-4DDCAF84C2AD}.Ad-Hoc|Any CPU.Deploy.0 = Release|x86
		{1498871B-C60A-449C-87B1-4DDCAF84C2AD}.Ad-Hoc|ARM.ActiveCfg = Release|ARM
		{1498871B-C60A-449C-87B1-4DDCAF84C2AD}.Ad-Hoc|ARM.Build.0 = Release|ARM
		{1498871B-C60A-449C-87B1-4DDCAF84C2AD}.Ad-Hoc|ARM.Deploy.0 = Release|ARM
		{1498871B-C60A-449C-87B1-4DDCAF84C2AD}.Ad-Hoc|iPhone.ActiveCfg = Release|x86
		{1498871B-C60A-449C-87B1-4DDCAF84C2AD}.Ad-Hoc|iPhone.Build.0 = Release|x86
		{1498871B-C60A-449C-87B1-4DDCAF84C2AD}.Ad-Hoc|iPhone.Deploy.0 = Release|x86
		{1498871B-C60A-449C-87B1-4DDCAF84C2AD}.Ad-Hoc|iPhoneSimulator.ActiveCfg = Release|x86
		{1498871B-C60A-449C-87B1-4DDCAF84C2AD}.Ad-Hoc|iPhoneSimulator.Build.0 = Release|x86
		{1498871B-C60A-449C-87B1-4DDCAF84C2AD}.Ad-Hoc|iPhoneSimulator.Deploy.0 = Release|x86
		{1498871B-C60A-449C-87B1-4DDCAF84C2AD}.Ad-Hoc|x64.ActiveCfg = Release|x64
		{1498871B-C60A-449C-87B1-4DDCAF84C2AD}.Ad-Hoc|x64.Build.0 = Release|x64
		{1498871B-C60A-449C-87B1-4DDCAF84C2AD}.Ad-Hoc|x64.Deploy.0 = Release|x64
		{1498871B-C60A-449C-87B1-4DDCAF84C2AD}.Ad-Hoc|x86.ActiveCfg = Release|x86
		{1498871B-C60A-449C-87B1-4DDCAF84C2AD}.Ad-Hoc|x86.Build.0 = Release|x86
		{1498871B-C60A-449C-87B1-4DDCAF84C2AD}.Ad-Hoc|x86.Deploy.0 = Release|x86
		{1498871B-C60A-449C-87B1-4DDCAF84C2AD}.AppStore|Any CPU.ActiveCfg = Release|x86
		{1498871B-C60A-449C-87B1-4DDCAF84C2AD}.AppStore|Any CPU.Build.0 = Release|x86
		{1498871B-C60A-449C-87B1-4DDCAF84C2AD}.AppStore|Any CPU.Deploy.0 = Release|x86
		{1498871B-C60A-449C-87B1-4DDCAF84C2AD}.AppStore|ARM.ActiveCfg = Release|ARM
		{1498871B-C60A-449C-87B1-4DDCAF84C2AD}.AppStore|ARM.Build.0 = Release|ARM
		{1498871B-C60A-449C-87B1-4DDCAF84C2AD}.AppStore|ARM.Deploy.0 = Release|ARM
		{1498871B-C60A-449C-87B1-4DDCAF84C2AD}.AppStore|iPhone.ActiveCfg = Release|x86
		{1498871B-C60A-449C-87B1-4DDCAF84C2AD}.AppStore|iPhone.Build.0 = Release|x86
		{1498871B-C60A-449C-87B1-4DDCAF84C2AD}.AppStore|iPhone.Deploy.0 = Release|x86
		{1498871B-C60A-449C-87B1-4DDCAF84C2AD}.AppStore|iPhoneSimulator.ActiveCfg = Release|x86
		{1498871B-C60A-449C-87B1-4DDCAF84C2AD}.AppStore|iPhoneSimulator.Build.0 = Release|x86
		{1498871B-C60A-449C-87B1-4DDCAF84C2AD}.AppStore|iPhoneSimulator.Deploy.0 = Release|x86
		{1498871B-C60A-449C-87B1-4DDCAF84C2AD}.AppStore|x64.ActiveCfg = Release|x64
		{1498871B-C60A-449C-87B1-4DDCAF84C2AD}.AppStore|x64.Build.0 = Release|x64
		{1498871B-C60A-449C-87B1-4DDCAF84C2AD}.AppStore|x64.Deploy.0 = Release|x64
		{1498871B-C60A-449C-87B1-4DDCAF84C2AD}.AppStore|x86.ActiveCfg = Release|x86
		{1498871B-C60A-449C-87B1-4DDCAF84C2AD}.AppStore|x86.Build.0 = Release|x86
		{1498871B-C60A-449C-87B1-4DDCAF84C2AD}.AppStore|x86.Deploy.0 = Release|x86
		{1498871B-C60A-449C-87B1-4DDCAF84C2AD}.Debug|Any CPU.ActiveCfg = Debug|x86
		{1498871B-C60A-449C-87B1-4DDCAF84C2AD}.Debug|ARM.ActiveCfg = Debug|ARM
		{1498871B-C60A-449C-87B1-4DDCAF84C2AD}.Debug|ARM.Build.0 = Debug|ARM
		{1498871B-C60A-449C-87B1-4DDCAF84C2AD}.Debug|ARM.Deploy.0 = Debug|ARM
		{1498871B-C60A-449C-87B1-4DDCAF84C2AD}.Debug|iPhone.ActiveCfg = Debug|x86
		{1498871B-C60A-449C-87B1-4DDCAF84C2AD}.Debug|iPhoneSimulator.ActiveCfg = Debug|x86
		{1498871B-C60A-449C-87B1-4DDCAF84C2AD}.Debug|x64.ActiveCfg = Debug|x64
		{1498871B-C60A-449C-87B1-4DDCAF84C2AD}.Debug|x64.Build.0 = Debug|x64
		{1498871B-C60A-449C-87B1-4DDCAF84C2AD}.Debug|x64.Deploy.0 = Debug|x64
		{1498871B-C60A-449C-87B1-4DDCAF84C2AD}.Debug|x86.ActiveCfg = Debug|x86
		{1498871B-C60A-449C-87B1-4DDCAF84C2AD}.Debug|x86.Build.0 = Debug|x86
		{1498871B-C60A-449C-87B1-4DDCAF84C2AD}.Debug|x86.Deploy.0 = Debug|x86
		{1498871B-C60A-449C-87B1-4DDCAF84C2AD}.Release|Any CPU.ActiveCfg = Release|x86
		{1498871B-C60A-449C-87B1-4DDCAF84C2AD}.Release|ARM.ActiveCfg = Release|ARM
		{1498871B-C60A-449C-87B1-4DDCAF84C2AD}.Release|ARM.Build.0 = Release|ARM
		{1498871B-C60A-449C-87B1-4DDCAF84C2AD}.Release|ARM.Deploy.0 = Release|ARM
		{1498871B-C60A-449C-87B1-4DDCAF84C2AD}.Release|iPhone.ActiveCfg = Release|x86
		{1498871B-C60A-449C-87B1-4DDCAF84C2AD}.Release|iPhoneSimulator.ActiveCfg = Release|x86
		{1498871B-C60A-449C-87B1-4DDCAF84C2AD}.Release|x64.ActiveCfg = Release|x64
		{1498871B-C60A-449C-87B1-4DDCAF84C2AD}.Release|x64.Build.0 = Release|x64
		{1498871B-C60A-449C-87B1-4DDCAF84C2AD}.Release|x64.Deploy.0 = Release|x64
		{1498871B-C60A-449C-87B1-4DDCAF84C2AD}.Release|x86.ActiveCfg = Release|x86
		{1498871B-C60A-449C-87B1-4DDCAF84C2AD}.Release|x86.Build.0 = Release|x86
		{1498871B-C60A-449C-87B1-4DDCAF84C2AD}.Release|x86.Deploy.0 = Release|x86
		{66E8DB39-75E6-48EB-996E-FB058A638E26}.Ad-Hoc|Any CPU.ActiveCfg = Release|Any CPU
		{66E8DB39-75E6-48EB-996E-FB058A638E26}.Ad-Hoc|Any CPU.Build.0 = Release|Any CPU
		{66E8DB39-75E6-48EB-996E-FB058A638E26}.Ad-Hoc|Any CPU.Deploy.0 = Release|Any CPU
		{66E8DB39-75E6-48EB-996E-FB058A638E26}.Ad-Hoc|ARM.ActiveCfg = Release|ARM
		{66E8DB39-75E6-48EB-996E-FB058A638E26}.Ad-Hoc|ARM.Build.0 = Release|ARM
		{66E8DB39-75E6-48EB-996E-FB058A638E26}.Ad-Hoc|ARM.Deploy.0 = Release|ARM
		{66E8DB39-75E6-48EB-996E-FB058A638E26}.Ad-Hoc|iPhone.ActiveCfg = Release|Any CPU
		{66E8DB39-75E6-48EB-996E-FB058A638E26}.Ad-Hoc|iPhone.Build.0 = Release|Any CPU
		{66E8DB39-75E6-48EB-996E-FB058A638E26}.Ad-Hoc|iPhone.Deploy.0 = Release|Any CPU
		{66E8DB39-75E6-48EB-996E-FB058A638E26}.Ad-Hoc|iPhoneSimulator.ActiveCfg = Release|Any CPU
		{66E8DB39-75E6-48EB-996E-FB058A638E26}.Ad-Hoc|iPhoneSimulator.Build.0 = Release|Any CPU
		{66E8DB39-75E6-48EB-996E-FB058A638E26}.Ad-Hoc|iPhoneSimulator.Deploy.0 = Release|Any CPU
		{66E8DB39-75E6-48EB-996E-FB058A638E26}.Ad-Hoc|x64.ActiveCfg = Release|x64
		{66E8DB39-75E6-48EB-996E-FB058A638E26}.Ad-Hoc|x64.Build.0 = Release|x64
		{66E8DB39-75E6-48EB-996E-FB058A638E26}.Ad-Hoc|x64.Deploy.0 = Release|x64
		{66E8DB39-75E6-48EB-996E-FB058A638E26}.Ad-Hoc|x86.ActiveCfg = Release|x86
		{66E8DB39-75E6-48EB-996E-FB058A638E26}.Ad-Hoc|x86.Build.0 = Release|x86
		{66E8DB39-75E6-48EB-996E-FB058A638E26}.Ad-Hoc|x86.Deploy.0 = Release|x86
		{66E8DB39-75E6-48EB-996E-FB058A638E26}.AppStore|Any CPU.ActiveCfg = Release|Any CPU
		{66E8DB39-75E6-48EB-996E-FB058A638E26}.AppStore|Any CPU.Build.0 = Release|Any CPU
		{66E8DB39-75E6-48EB-996E-FB058A638E26}.AppStore|Any CPU.Deploy.0 = Release|Any CPU
		{66E8DB39-75E6-48EB-996E-FB058A638E26}.AppStore|ARM.ActiveCfg = Release|ARM
		{66E8DB39-75E6-48EB-996E-FB058A638E26}.AppStore|ARM.Build.0 = Release|ARM
		{66E8DB39-75E6-48EB-996E-FB058A638E26}.AppStore|ARM.Deploy.0 = Release|ARM
		{66E8DB39-75E6-48EB-996E-FB058A638E26}.AppStore|iPhone.ActiveCfg = Release|Any CPU
		{66E8DB39-75E6-48EB-996E-FB058A638E26}.AppStore|iPhone.Build.0 = Release|Any CPU
		{66E8DB39-75E6-48EB-996E-FB058A638E26}.AppStore|iPhone.Deploy.0 = Release|Any CPU
		{66E8DB39-75E6-48EB-996E-FB058A638E26}.AppStore|iPhoneSimulator.ActiveCfg = Release|Any CPU
		{66E8DB39-75E6-48EB-996E-FB058A638E26}.AppStore|iPhoneSimulator.Build.0 = Release|Any CPU
		{66E8DB39-75E6-48EB-996E-FB058A638E26}.AppStore|iPhoneSimulator.Deploy.0 = Release|Any CPU
		{66E8DB39-75E6-48EB-996E-FB058A638E26}.AppStore|x64.ActiveCfg = Release|x64
		{66E8DB39-75E6-48EB-996E-FB058A638E26}.AppStore|x64.Build.0 = Release|x64
		{66E8DB39-75E6-48EB-996E-FB058A638E26}.AppStore|x64.Deploy.0 = Release|x64
		{66E8DB39-75E6-48EB-996E-FB058A638E26}.AppStore|x86.ActiveCfg = Release|x86
		{66E8DB39-75E6-48EB-996E-FB058A638E26}.AppStore|x86.Build.0 = Release|x86
		{66E8DB39-75E6-48EB-996E-FB058A638E26}.AppStore|x86.Deploy.0 = Release|x86
		{66E8DB39-75E6-48EB-996E-FB058A638E26}.Debug|Any CPU.ActiveCfg = Debug|Any CPU
		{66E8DB39-75E6-48EB-996E-FB058A638E26}.Debug|Any CPU.Build.0 = Debug|Any CPU
		{66E8DB39-75E6-48EB-996E-FB058A638E26}.Debug|Any CPU.Deploy.0 = Debug|Any CPU
		{66E8DB39-75E6-48EB-996E-FB058A638E26}.Debug|ARM.ActiveCfg = Debug|ARM
		{66E8DB39-75E6-48EB-996E-FB058A638E26}.Debug|ARM.Build.0 = Debug|ARM
		{66E8DB39-75E6-48EB-996E-FB058A638E26}.Debug|ARM.Deploy.0 = Debug|ARM
		{66E8DB39-75E6-48EB-996E-FB058A638E26}.Debug|iPhone.ActiveCfg = Debug|Any CPU
		{66E8DB39-75E6-48EB-996E-FB058A638E26}.Debug|iPhone.Build.0 = Debug|Any CPU
		{66E8DB39-75E6-48EB-996E-FB058A638E26}.Debug|iPhone.Deploy.0 = Debug|Any CPU
		{66E8DB39-75E6-48EB-996E-FB058A638E26}.Debug|iPhoneSimulator.ActiveCfg = Debug|Any CPU
		{66E8DB39-75E6-48EB-996E-FB058A638E26}.Debug|iPhoneSimulator.Build.0 = Debug|Any CPU
		{66E8DB39-75E6-48EB-996E-FB058A638E26}.Debug|iPhoneSimulator.Deploy.0 = Debug|Any CPU
		{66E8DB39-75E6-48EB-996E-FB058A638E26}.Debug|x64.ActiveCfg = Debug|x64
		{66E8DB39-75E6-48EB-996E-FB058A638E26}.Debug|x64.Build.0 = Debug|x64
		{66E8DB39-75E6-48EB-996E-FB058A638E26}.Debug|x64.Deploy.0 = Debug|x64
		{66E8DB39-75E6-48EB-996E-FB058A638E26}.Debug|x86.ActiveCfg = Debug|x86
		{66E8DB39-75E6-48EB-996E-FB058A638E26}.Debug|x86.Build.0 = Debug|x86
		{66E8DB39-75E6-48EB-996E-FB058A638E26}.Debug|x86.Deploy.0 = Debug|x86
		{66E8DB39-75E6-48EB-996E-FB058A638E26}.Release|Any CPU.ActiveCfg = Release|Any CPU
		{66E8DB39-75E6-48EB-996E-FB058A638E26}.Release|Any CPU.Build.0 = Release|Any CPU
		{66E8DB39-75E6-48EB-996E-FB058A638E26}.Release|Any CPU.Deploy.0 = Release|Any CPU
		{66E8DB39-75E6-48EB-996E-FB058A638E26}.Release|ARM.ActiveCfg = Release|ARM
		{66E8DB39-75E6-48EB-996E-FB058A638E26}.Release|ARM.Build.0 = Release|ARM
		{66E8DB39-75E6-48EB-996E-FB058A638E26}.Release|ARM.Deploy.0 = Release|ARM
		{66E8DB39-75E6-48EB-996E-FB058A638E26}.Release|iPhone.ActiveCfg = Release|Any CPU
		{66E8DB39-75E6-48EB-996E-FB058A638E26}.Release|iPhone.Build.0 = Release|Any CPU
		{66E8DB39-75E6-48EB-996E-FB058A638E26}.Release|iPhone.Deploy.0 = Release|Any CPU
		{66E8DB39-75E6-48EB-996E-FB058A638E26}.Release|iPhoneSimulator.ActiveCfg = Release|Any CPU
		{66E8DB39-75E6-48EB-996E-FB058A638E26}.Release|iPhoneSimulator.Build.0 = Release|Any CPU
		{66E8DB39-75E6-48EB-996E-FB058A638E26}.Release|iPhoneSimulator.Deploy.0 = Release|Any CPU
		{66E8DB39-75E6-48EB-996E-FB058A638E26}.Release|x64.ActiveCfg = Release|x64
		{66E8DB39-75E6-48EB-996E-FB058A638E26}.Release|x64.Build.0 = Release|x64
		{66E8DB39-75E6-48EB-996E-FB058A638E26}.Release|x64.Deploy.0 = Release|x64
		{66E8DB39-75E6-48EB-996E-FB058A638E26}.Release|x86.ActiveCfg = Release|x86
		{66E8DB39-75E6-48EB-996E-FB058A638E26}.Release|x86.Build.0 = Release|x86
		{66E8DB39-75E6-48EB-996E-FB058A638E26}.Release|x86.Deploy.0 = Release|x86
		{B74CBE4D-73A8-481A-AD7C-6070A91BADDD}.Ad-Hoc|Any CPU.ActiveCfg = Release|Any CPU
		{B74CBE4D-73A8-481A-AD7C-6070A91BADDD}.Ad-Hoc|Any CPU.Build.0 = Release|Any CPU
		{B74CBE4D-73A8-481A-AD7C-6070A91BADDD}.Ad-Hoc|ARM.ActiveCfg = Release|Any CPU
		{B74CBE4D-73A8-481A-AD7C-6070A91BADDD}.Ad-Hoc|ARM.Build.0 = Release|Any CPU
		{B74CBE4D-73A8-481A-AD7C-6070A91BADDD}.Ad-Hoc|iPhone.ActiveCfg = Release|Any CPU
		{B74CBE4D-73A8-481A-AD7C-6070A91BADDD}.Ad-Hoc|iPhone.Build.0 = Release|Any CPU
		{B74CBE4D-73A8-481A-AD7C-6070A91BADDD}.Ad-Hoc|iPhoneSimulator.ActiveCfg = Release|Any CPU
		{B74CBE4D-73A8-481A-AD7C-6070A91BADDD}.Ad-Hoc|iPhoneSimulator.Build.0 = Release|Any CPU
		{B74CBE4D-73A8-481A-AD7C-6070A91BADDD}.Ad-Hoc|x64.ActiveCfg = Release|Any CPU
		{B74CBE4D-73A8-481A-AD7C-6070A91BADDD}.Ad-Hoc|x64.Build.0 = Release|Any CPU
		{B74CBE4D-73A8-481A-AD7C-6070A91BADDD}.Ad-Hoc|x86.ActiveCfg = Release|Any CPU
		{B74CBE4D-73A8-481A-AD7C-6070A91BADDD}.Ad-Hoc|x86.Build.0 = Release|Any CPU
		{B74CBE4D-73A8-481A-AD7C-6070A91BADDD}.AppStore|Any CPU.ActiveCfg = Release|Any CPU
		{B74CBE4D-73A8-481A-AD7C-6070A91BADDD}.AppStore|Any CPU.Build.0 = Release|Any CPU
		{B74CBE4D-73A8-481A-AD7C-6070A91BADDD}.AppStore|ARM.ActiveCfg = Release|Any CPU
		{B74CBE4D-73A8-481A-AD7C-6070A91BADDD}.AppStore|ARM.Build.0 = Release|Any CPU
		{B74CBE4D-73A8-481A-AD7C-6070A91BADDD}.AppStore|iPhone.ActiveCfg = Release|Any CPU
		{B74CBE4D-73A8-481A-AD7C-6070A91BADDD}.AppStore|iPhone.Build.0 = Release|Any CPU
		{B74CBE4D-73A8-481A-AD7C-6070A91BADDD}.AppStore|iPhoneSimulator.ActiveCfg = Release|Any CPU
		{B74CBE4D-73A8-481A-AD7C-6070A91BADDD}.AppStore|iPhoneSimulator.Build.0 = Release|Any CPU
		{B74CBE4D-73A8-481A-AD7C-6070A91BADDD}.AppStore|x64.ActiveCfg = Release|Any CPU
		{B74CBE4D-73A8-481A-AD7C-6070A91BADDD}.AppStore|x64.Build.0 = Release|Any CPU
		{B74CBE4D-73A8-481A-AD7C-6070A91BADDD}.AppStore|x86.ActiveCfg = Release|Any CPU
		{B74CBE4D-73A8-481A-AD7C-6070A91BADDD}.AppStore|x86.Build.0 = Release|Any CPU
		{B74CBE4D-73A8-481A-AD7C-6070A91BADDD}.Debug|Any CPU.ActiveCfg = Debug|Any CPU
		{B74CBE4D-73A8-481A-AD7C-6070A91BADDD}.Debug|Any CPU.Build.0 = Debug|Any CPU
		{B74CBE4D-73A8-481A-AD7C-6070A91BADDD}.Debug|ARM.ActiveCfg = Debug|Any CPU
		{B74CBE4D-73A8-481A-AD7C-6070A91BADDD}.Debug|ARM.Build.0 = Debug|Any CPU
		{B74CBE4D-73A8-481A-AD7C-6070A91BADDD}.Debug|iPhone.ActiveCfg = Debug|Any CPU
		{B74CBE4D-73A8-481A-AD7C-6070A91BADDD}.Debug|iPhone.Build.0 = Debug|Any CPU
		{B74CBE4D-73A8-481A-AD7C-6070A91BADDD}.Debug|iPhoneSimulator.ActiveCfg = Debug|Any CPU
		{B74CBE4D-73A8-481A-AD7C-6070A91BADDD}.Debug|iPhoneSimulator.Build.0 = Debug|Any CPU
		{B74CBE4D-73A8-481A-AD7C-6070A91BADDD}.Debug|x64.ActiveCfg = Debug|Any CPU
		{B74CBE4D-73A8-481A-AD7C-6070A91BADDD}.Debug|x64.Build.0 = Debug|Any CPU
		{B74CBE4D-73A8-481A-AD7C-6070A91BADDD}.Debug|x86.ActiveCfg = Debug|Any CPU
		{B74CBE4D-73A8-481A-AD7C-6070A91BADDD}.Debug|x86.Build.0 = Debug|Any CPU
		{B74CBE4D-73A8-481A-AD7C-6070A91BADDD}.Release|Any CPU.ActiveCfg = Release|Any CPU
		{B74CBE4D-73A8-481A-AD7C-6070A91BADDD}.Release|Any CPU.Build.0 = Release|Any CPU
		{B74CBE4D-73A8-481A-AD7C-6070A91BADDD}.Release|ARM.ActiveCfg = Release|Any CPU
		{B74CBE4D-73A8-481A-AD7C-6070A91BADDD}.Release|ARM.Build.0 = Release|Any CPU
		{B74CBE4D-73A8-481A-AD7C-6070A91BADDD}.Release|iPhone.ActiveCfg = Release|Any CPU
		{B74CBE4D-73A8-481A-AD7C-6070A91BADDD}.Release|iPhone.Build.0 = Release|Any CPU
		{B74CBE4D-73A8-481A-AD7C-6070A91BADDD}.Release|iPhoneSimulator.ActiveCfg = Release|Any CPU
		{B74CBE4D-73A8-481A-AD7C-6070A91BADDD}.Release|iPhoneSimulator.Build.0 = Release|Any CPU
		{B74CBE4D-73A8-481A-AD7C-6070A91BADDD}.Release|x64.ActiveCfg = Release|Any CPU
		{B74CBE4D-73A8-481A-AD7C-6070A91BADDD}.Release|x64.Build.0 = Release|Any CPU
		{B74CBE4D-73A8-481A-AD7C-6070A91BADDD}.Release|x86.ActiveCfg = Release|Any CPU
		{B74CBE4D-73A8-481A-AD7C-6070A91BADDD}.Release|x86.Build.0 = Release|Any CPU
	EndGlobalSection
	GlobalSection(SolutionProperties) = preSolution
		HideSolutionNode = FALSE
	EndGlobalSection
EndGlobal
